
Microsoft Visual Studio Solution File, Format Version 12.00
# Visual Studio 14
VisualStudioVersion = 14.0.25420.1
MinimumVisualStudioVersion = 10.0.40219.1
Project("{D954291E-2A0B-460D-934E-DC6B0785DB48}") = "ProyectoXamarinGrupo1", "ProyectoXamarinGrupo1\ProyectoXamarinGrupo1\ProyectoXamarinGrupo1.shproj", "{0B32E84A-3A83-40B4-BCCD-D3FA22A512E3}"
EndProject
Project("{FAE04EC0-301F-11D3-BF4B-00C04F79EFBC}") = "ProyectoXamarinGrupo1.Android", "ProyectoXamarinGrupo1\ProyectoXamarinGrupo1.Android\ProyectoXamarinGrupo1.Android.csproj", "{F1D6CA5E-B2C1-4C30-A470-F646BBA2261A}"
EndProject
Project("{FAE04EC0-301F-11D3-BF4B-00C04F79EFBC}") = "ProyectoXamarinGrupo1.iOS", "ProyectoXamarinGrupo1\ProyectoXamarinGrupo1.iOS\ProyectoXamarinGrupo1.iOS.csproj", "{DA705496-CFB4-4635-8560-FF93DE7EB6FC}"
EndProject
Global
	GlobalSection(SharedMSBuildProjectFiles) = preSolution
		ProyectoXamarinGrupo1\ProyectoXamarinGrupo1\ProyectoXamarinGrupo1.projitems*{0b32e84a-3a83-40b4-bccd-d3fa22a512e3}*SharedItemsImports = 13
		ProyectoXamarinGrupo1\ProyectoXamarinGrupo1\ProyectoXamarinGrupo1.projitems*{da705496-cfb4-4635-8560-ff93de7eb6fc}*SharedItemsImports = 4
		ProyectoXamarinGrupo1\ProyectoXamarinGrupo1\ProyectoXamarinGrupo1.projitems*{f1d6ca5e-b2c1-4c30-a470-f646bba2261a}*SharedItemsImports = 4
	EndGlobalSection
	GlobalSection(SolutionConfigurationPlatforms) = preSolution
		Ad-Hoc|Any CPU = Ad-Hoc|Any CPU
		Ad-Hoc|iPhone = Ad-Hoc|iPhone
		Ad-Hoc|iPhoneSimulator = Ad-Hoc|iPhoneSimulator
		AppStore|Any CPU = AppStore|Any CPU
		AppStore|iPhone = AppStore|iPhone
		AppStore|iPhoneSimulator = AppStore|iPhoneSimulator
		Debug|Any CPU = Debug|Any CPU
		Debug|iPhone = Debug|iPhone
		Debug|iPhoneSimulator = Debug|iPhoneSimulator
		Release|Any CPU = Release|Any CPU
		Release|iPhone = Release|iPhone
		Release|iPhoneSimulator = Release|iPhoneSimulator
	EndGlobalSection
	GlobalSection(ProjectConfigurationPlatforms) = postSolution
		{F1D6CA5E-B2C1-4C30-A470-F646BBA2261A}.Ad-Hoc|Any CPU.ActiveCfg = Release|Any CPU
		{F1D6CA5E-B2C1-4C30-A470-F646BBA2261A}.Ad-Hoc|Any CPU.Build.0 = Release|Any CPU
		{F1D6CA5E-B2C1-4C30-A470-F646BBA2261A}.Ad-Hoc|Any CPU.Deploy.0 = Release|Any CPU
		{F1D6CA5E-B2C1-4C30-A470-F646BBA2261A}.Ad-Hoc|iPhone.ActiveCfg = Release|Any CPU
		{F1D6CA5E-B2C1-4C30-A470-F646BBA2261A}.Ad-Hoc|iPhone.Build.0 = Release|Any CPU
		{F1D6CA5E-B2C1-4C30-A470-F646BBA2261A}.Ad-Hoc|iPhone.Deploy.0 = Release|Any CPU
		{F1D6CA5E-B2C1-4C30-A470-F646BBA2261A}.Ad-Hoc|iPhoneSimulator.ActiveCfg = Release|Any CPU
		{F1D6CA5E-B2C1-4C30-A470-F646BBA2261A}.Ad-Hoc|iPhoneSimulator.Build.0 = Release|Any CPU
		{F1D6CA5E-B2C1-4C30-A470-F646BBA2261A}.Ad-Hoc|iPhoneSimulator.Deploy.0 = Release|Any CPU
		{F1D6CA5E-B2C1-4C30-A470-F646BBA2261A}.AppStore|Any CPU.ActiveCfg = Release|Any CPU
		{F1D6CA5E-B2C1-4C30-A470-F646BBA2261A}.AppStore|Any CPU.Build.0 = Release|Any CPU
		{F1D6CA5E-B2C1-4C30-A470-F646BBA2261A}.AppStore|Any CPU.Deploy.0 = Release|Any CPU
		{F1D6CA5E-B2C1-4C30-A470-F646BBA2261A}.AppStore|iPhone.ActiveCfg = Release|Any CPU
		{F1D6CA5E-B2C1-4C30-A470-F646BBA2261A}.AppStore|iPhone.Build.0 = Release|Any CPU
		{F1D6CA5E-B2C1-4C30-A470-F646BBA2261A}.AppStore|iPhone.Deploy.0 = Release|Any CPU
		{F1D6CA5E-B2C1-4C30-A470-F646BBA2261A}.AppStore|iPhoneSimulator.ActiveCfg = Release|Any CPU
		{F1D6CA5E-B2C1-4C30-A470-F646BBA2261A}.AppStore|iPhoneSimulator.Build.0 = Release|Any CPU
		{F1D6CA5E-B2C1-4C30-A470-F646BBA2261A}.AppStore|iPhoneSimulator.Deploy.0 = Release|Any CPU
		{F1D6CA5E-B2C1-4C30-A470-F646BBA2261A}.Debug|Any CPU.ActiveCfg = Debug|Any CPU
		{F1D6CA5E-B2C1-4C30-A470-F646BBA2261A}.Debug|Any CPU.Build.0 = Debug|Any CPU
		{F1D6CA5E-B2C1-4C30-A470-F646BBA2261A}.Debug|Any CPU.Deploy.0 = Debug|Any CPU
		{F1D6CA5E-B2C1-4C30-A470-F646BBA2261A}.Debug|iPhone.ActiveCfg = Debug|Any CPU
		{F1D6CA5E-B2C1-4C30-A470-F646BBA2261A}.Debug|iPhone.Build.0 = Debug|Any CPU
		{F1D6CA5E-B2C1-4C30-A470-F646BBA2261A}.Debug|iPhone.Deploy.0 = Debug|Any CPU
		{F1D6CA5E-B2C1-4C30-A470-F646BBA2261A}.Debug|iPhoneSimulator.ActiveCfg = Debug|Any CPU
		{F1D6CA5E-B2C1-4C30-A470-F646BBA2261A}.Debug|iPhoneSimulator.Build.0 = Debug|Any CPU
		{F1D6CA5E-B2C1-4C30-A470-F646BBA2261A}.Debug|iPhoneSimulator.Deploy.0 = Debug|Any CPU
		{F1D6CA5E-B2C1-4C30-A470-F646BBA2261A}.Release|Any CPU.ActiveCfg = Release|Any CPU
		{F1D6CA5E-B2C1-4C30-A470-F646BBA2261A}.Release|Any CPU.Build.0 = Release|Any CPU
		{F1D6CA5E-B2C1-4C30-A470-F646BBA2261A}.Release|Any CPU.Deploy.0 = Release|Any CPU
		{F1D6CA5E-B2C1-4C30-A470-F646BBA2261A}.Release|iPhone.ActiveCfg = Release|Any CPU
		{F1D6CA5E-B2C1-4C30-A470-F646BBA2261A}.Release|iPhone.Build.0 = Release|Any CPU
		{F1D6CA5E-B2C1-4C30-A470-F646BBA2261A}.Release|iPhone.Deploy.0 = Release|Any CPU
		{F1D6CA5E-B2C1-4C30-A470-F646BBA2261A}.Release|iPhoneSimulator.ActiveCfg = Release|Any CPU
		{F1D6CA5E-B2C1-4C30-A470-F646BBA2261A}.Release|iPhoneSimulator.Build.0 = Release|Any CPU
		{F1D6CA5E-B2C1-4C30-A470-F646BBA2261A}.Release|iPhoneSimulator.Deploy.0 = Release|Any CPU
		{DA705496-CFB4-4635-8560-FF93DE7EB6FC}.Ad-Hoc|Any CPU.ActiveCfg = Ad-Hoc|iPhoneSimulator
		{DA705496-CFB4-4635-8560-FF93DE7EB6FC}.Ad-Hoc|iPhone.ActiveCfg = Ad-Hoc|iPhone
		{DA705496-CFB4-4635-8560-FF93DE7EB6FC}.Ad-Hoc|iPhone.Build.0 = Ad-Hoc|iPhone
		{DA705496-CFB4-4635-8560-FF93DE7EB6FC}.Ad-Hoc|iPhoneSimulator.ActiveCfg = Ad-Hoc|iPhoneSimulator
		{DA705496-CFB4-4635-8560-FF93DE7EB6FC}.Ad-Hoc|iPhoneSimulator.Build.0 = Ad-Hoc|iPhoneSimulator
		{DA705496-CFB4-4635-8560-FF93DE7EB6FC}.AppStore|Any CPU.ActiveCfg = AppStore|iPhoneSimulator
		{DA705496-CFB4-4635-8560-FF93DE7EB6FC}.AppStore|iPhone.ActiveCfg = AppStore|iPhone
		{DA705496-CFB4-4635-8560-FF93DE7EB6FC}.AppStore|iPhone.Build.0 = AppStore|iPhone
		{DA705496-CFB4-4635-8560-FF93DE7EB6FC}.AppStore|iPhoneSimulator.ActiveCfg = AppStore|iPhoneSimulator
		{DA705496-CFB4-4635-8560-FF93DE7EB6FC}.AppStore|iPhoneSimulator.Build.0 = AppStore|iPhoneSimulator
		{DA705496-CFB4-4635-8560-FF93DE7EB6FC}.Debug|Any CPU.ActiveCfg = Debug|iPhoneSimulator
		{DA705496-CFB4-4635-8560-FF93DE7EB6FC}.Debug|iPhone.ActiveCfg = Debug|iPhone
		{DA705496-CFB4-4635-8560-FF93DE7EB6FC}.Debug|iPhone.Build.0 = Debug|iPhone
		{DA705496-CFB4-4635-8560-FF93DE7EB6FC}.Debug|iPhoneSimulator.ActiveCfg = Debug|iPhoneSimulator
		{DA705496-CFB4-4635-8560-FF93DE7EB6FC}.Debug|iPhoneSimulator.Build.0 = Debug|iPhoneSimulator
		{DA705496-CFB4-4635-8560-FF93DE7EB6FC}.Release|Any CPU.ActiveCfg = Release|iPhoneSimulator
		{DA705496-CFB4-4635-8560-FF93DE7EB6FC}.Release|iPhone.ActiveCfg = Release|iPhone
		{DA705496-CFB4-4635-8560-FF93DE7EB6FC}.Release|iPhone.Build.0 = Release|iPhone
		{DA705496-CFB4-4635-8560-FF93DE7EB6FC}.Release|iPhoneSimulator.ActiveCfg = Release|iPhoneSimulator
		{DA705496-CFB4-4635-8560-FF93DE7EB6FC}.Release|iPhoneSimulator.Build.0 = Release|iPhoneSimulator
	EndGlobalSection
	GlobalSection(SolutionProperties) = preSolution
		HideSolutionNode = FALSE
	EndGlobalSection
EndGlobal
